<?xml version="1.0" encoding="utf-8"?>
<Project ToolsVersion="4.0" xmlns="http://schemas.microsoft.com/developer/msbuild/2003">
  <ItemGroup>
    <ClInclude Include="Include\RegScript2.hpp">
      <Filter>Include</Filter>
    </ClInclude>
    <ClInclude Include="Include\RegScript2_TokDoc.hpp">
      <Filter>Include</Filter>
    </ClInclude>
    <ClInclude Include="Include\RegScript2_DebugPrint.hpp">
      <Filter>Include</Filter>
    </ClInclude>
    <ClInclude Include="Include\RegScript2_Utils.hpp">
      <Filter>Include</Filter>
    </ClInclude>
  </ItemGroup>
  <ItemGroup>
    <ClCompile Include="RegScript2.cpp" />
    <ClCompile Include="RegScript2_TokDoc.cpp" />
    <ClCompile Include="RegScript2_DebugPrint.cpp" />
    <ClCompile Include="RegScript2_Utils.cpp" />
  </ItemGroup>
  <ItemGroup>
    <Filter Include="Include">
      <UniqueIdentifier>{967b7d1b-baeb-4c25-bf0a-2fed2bf438dc}</UniqueIdentifier>
    </Filter>
  </ItemGroup>
</Project>